{
  "name": "convenir",
  "version": "1.0.0",
  "description": "Convenir: Trusted Serverless Compute Platform",
  "scripts": {
    "compile": "npx hardhat compile",
    "test": "npx hardhat test",
    "deploy": "npx hardhat run scripts/deploy.js",
    "node": "npx hardhat node",
    "build:client": "parcel build src/convenir.js --target node --out-file convenir.js",
    "prepublishOnly": "npm run build:client"
  },
  "devDependencies": {
    "@nomicfoundation/hardhat-toolbox": "^4.0.0",
    "hardhat": "^2.19.4"
  },
  "dependencies": {
    "@api3/contracts": "^0.8.0",
    "@openzeppelin/contracts": "^4.9.3",
    "@oceanprotocol/contracts": "^1.0.0-next.12",
    "ethers": "^5.7.2",
    "libsodium-wrappers": "^0.7.13",
    "uuid": "^9.0.0",
     "parcel": "^2.9.3"
  },
  "keywords": [
    "convenir",
    "serverless",
    "trusted compute",
    "web3",
    "oasis",
    "ocean protocol",
    "api3",
    "blockchain",
    "tee"
  ],
  "license": "MIT"
}